// !$*UTF8*$!
{
	archiveVersion = 1;
	classes = {
	};
	objectVersion = 51;
	objects = {

/* Begin PBXBuildFile section */
		4F47A1BC22D897C100BA3832 /* AppDelegate.swift in Sources */ = {isa = PBXBuildFile; fileRef = 4F47A1BB22D897C100BA3832 /* AppDelegate.swift */; };
		4F47A1BE22D897C100BA3832 /* ViewController.swift in Sources */ = {isa = PBXBuildFile; fileRef = 4F47A1BD22D897C100BA3832 /* ViewController.swift */; };
		4F47A1C122D897C100BA3832 /* Main.storyboard in Resources */ = {isa = PBXBuildFile; fileRef = 4F47A1BF22D897C100BA3832 /* Main.storyboard */; };
		4F47A1C622D897C200BA3832 /* Assets.xcassets in Resources */ = {isa = PBXBuildFile; fileRef = 4F47A1C522D897C200BA3832 /* Assets.xcassets */; };
		4F47A1C922D897C200BA3832 /* LaunchScreen.storyboard in Resources */ = {isa = PBXBuildFile; fileRef = 4F47A1C722D897C200BA3832 /* LaunchScreen.storyboard */; };
		4FBF219022D8A03C0054D56C /* DBHandler.swift in Sources */ = {isa = PBXBuildFile; fileRef = 4FBF218F22D8A03C0054D56C /* DBHandler.swift */; };
		4FBF219522D8BDA50054D56C /* SearchVC.swift in Sources */ = {isa = PBXBuildFile; fileRef = 4FBF219422D8BDA50054D56C /* SearchVC.swift */; };
		4FBF219722D9299C0054D56C /* MyDrugsVC.swift in Sources */ = {isa = PBXBuildFile; fileRef = 4FBF219622D9299C0054D56C /* MyDrugsVC.swift */; };
		4FBF219B22D92A3D0054D56C /* NewsCell.swift in Sources */ = {isa = PBXBuildFile; fileRef = 4FBF219922D92A3D0054D56C /* NewsCell.swift */; };
		4FBF219C22D92A3D0054D56C /* NewsCell.xib in Resources */ = {isa = PBXBuildFile; fileRef = 4FBF219A22D92A3D0054D56C /* NewsCell.xib */; };
		4FBF219F22D934BD0054D56C /* DrugsCell.swift in Sources */ = {isa = PBXBuildFile; fileRef = 4FBF219D22D934BD0054D56C /* DrugsCell.swift */; };
		7710CB209D3A7D0F15FDE1CD /* Pods_patient_app.framework in Frameworks */ = {isa = PBXBuildFile; fileRef = 1A9708486580035DE84B0906 /* Pods_patient_app.framework */; };
/* End PBXBuildFile section */

/* Begin PBXFileReference section */
		1A9708486580035DE84B0906 /* Pods_patient_app.framework */ = {isa = PBXFileReference; explicitFileType = wrapper.framework; includeInIndex = 0; path = Pods_patient_app.framework; sourceTree = BUILT_PRODUCTS_DIR; };
		4F47A1B822D897C100BA3832 /* patient-app.app */ = {isa = PBXFileReference; explicitFileType = wrapper.application; includeInIndex = 0; path = "patient-app.app"; sourceTree = BUILT_PRODUCTS_DIR; };
		4F47A1BB22D897C100BA3832 /* AppDelegate.swift */ = {isa = PBXFileReference; lastKnownFileType = sourcecode.swift; path = AppDelegate.swift; sourceTree = "<group>"; };
		4F47A1BD22D897C100BA3832 /* ViewController.swift */ = {isa = PBXFileReference; lastKnownFileType = sourcecode.swift; path = ViewController.swift; sourceTree = "<group>"; };
		4F47A1C022D897C100BA3832 /* Base */ = {isa = PBXFileReference; lastKnownFileType = file.storyboard; name = Base; path = Base.lproj/Main.storyboard; sourceTree = "<group>"; };
		4F47A1C522D897C200BA3832 /* Assets.xcassets */ = {isa = PBXFileReference; lastKnownFileType = folder.assetcatalog; path = Assets.xcassets; sourceTree = "<group>"; };
		4F47A1C822D897C200BA3832 /* Base */ = {isa = PBXFileReference; lastKnownFileType = file.storyboard; name = Base; path = Base.lproj/LaunchScreen.storyboard; sourceTree = "<group>"; };
		4F47A1CA22D897C200BA3832 /* Info.plist */ = {isa = PBXFileReference; lastKnownFileType = text.plist.xml; path = Info.plist; sourceTree = "<group>"; };
		4FBF218F22D8A03C0054D56C /* DBHandler.swift */ = {isa = PBXFileReference; fileEncoding = 4; lastKnownFileType = sourcecode.swift; path = DBHandler.swift; sourceTree = "<group>"; };
		4FBF219422D8BDA50054D56C /* SearchVC.swift */ = {isa = PBXFileReference; lastKnownFileType = sourcecode.swift; path = SearchVC.swift; sourceTree = "<group>"; };
		4FBF219622D9299C0054D56C /* MyDrugsVC.swift */ = {isa = PBXFileReference; lastKnownFileType = sourcecode.swift; path = MyDrugsVC.swift; sourceTree = "<group>"; };
		4FBF219922D92A3D0054D56C /* NewsCell.swift */ = {isa = PBXFileReference; lastKnownFileType = sourcecode.swift; path = NewsCell.swift; sourceTree = "<group>"; };
		4FBF219A22D92A3D0054D56C /* NewsCell.xib */ = {isa = PBXFileReference; lastKnownFileType = file.xib; path = NewsCell.xib; sourceTree = "<group>"; };
		4FBF219D22D934BD0054D56C /* DrugsCell.swift */ = {isa = PBXFileReference; lastKnownFileType = sourcecode.swift; path = DrugsCell.swift; sourceTree = "<group>"; };
		861259A24C249191BBFAA096 /* Pods-patient-app.release.xcconfig */ = {isa = PBXFileReference; includeInIndex = 1; lastKnownFileType = text.xcconfig; name = "Pods-patient-app.release.xcconfig"; path = "Target Support Files/Pods-patient-app/Pods-patient-app.release.xcconfig"; sourceTree = "<group>"; };
		BFE31A83DB36C201EA71D2F2 /* Pods-patient-app.debug.xcconfig */ = {isa = PBXFileReference; includeInIndex = 1; lastKnownFileType = text.xcconfig; name = "Pods-patient-app.debug.xcconfig"; path = "Target Support Files/Pods-patient-app/Pods-patient-app.debug.xcconfig"; sourceTree = "<group>"; };
/* End PBXFileReference section */

/* Begin PBXFrameworksBuildPhase section */
		4F47A1B522D897C100BA3832 /* Frameworks */ = {
			isa = PBXFrameworksBuildPhase;
			buildActionMask = 2147483647;
			files = (
				7710CB209D3A7D0F15FDE1CD /* Pods_patient_app.framework in Frameworks */,
			);
			runOnlyForDeploymentPostprocessing = 0;
		};
/* End PBXFrameworksBuildPhase section */

/* Begin PBXGroup section */
		4F47A1AF22D897C100BA3832 = {
			isa = PBXGroup;
			children = (
				4F47A1BA22D897C100BA3832 /* patient-app */,
				4F47A1B922D897C100BA3832 /* Products */,
				9D8186DB6EE22C7902BF5671 /* Pods */,
				927162BEE426D57D3424876A /* Frameworks */,
			);
			sourceTree = "<group>";
		};
		4F47A1B922D897C100BA3832 /* Products */ = {
			isa = PBXGroup;
			children = (
				4F47A1B822D897C100BA3832 /* patient-app.app */,
			);
			name = Products;
			sourceTree = "<group>";
		};
		4F47A1BA22D897C100BA3832 /* patient-app */ = {
			isa = PBXGroup;
			children = (
				4F47A1BB22D897C100BA3832 /* AppDelegate.swift */,
				4F47A1BF22D897C100BA3832 /* Main.storyboard */,
				4FBF219322D8BD670054D56C /* Main */,
				4FBF219122D8A04D0054D56C /* Persistence */,
				4F47A1BD22D897C100BA3832 /* ViewController.swift */,
				4FBF219222D8A0EC0054D56C /* Resources */,
				4F47A1CA22D897C200BA3832 /* Info.plist */,
			);
			path = "patient-app";
			sourceTree = "<group>";
		};
		4FBF219122D8A04D0054D56C /* Persistence */ = {
			isa = PBXGroup;
			children = (
				4FBF218F22D8A03C0054D56C /* DBHandler.swift */,
			);
			path = Persistence;
			sourceTree = "<group>";
		};
		4FBF219222D8A0EC0054D56C /* Resources */ = {
			isa = PBXGroup;
			children = (
				4F47A1C522D897C200BA3832 /* Assets.xcassets */,
				4F47A1C722D897C200BA3832 /* LaunchScreen.storyboard */,
			);
			path = Resources;
			sourceTree = "<group>";
		};
		4FBF219322D8BD670054D56C /* Main */ = {
			isa = PBXGroup;
			children = (
				4FBF219422D8BDA50054D56C /* SearchVC.swift */,
				4FBF219822D929AE0054D56C /* MyDrugs */,
			);
			path = Main;
			sourceTree = "<group>";
		};
		4FBF219822D929AE0054D56C /* MyDrugs */ = {
			isa = PBXGroup;
			children = (
				4FBF219622D9299C0054D56C /* MyDrugsVC.swift */,
				4FBF21A122D934C50054D56C /* News */,
				4FBF21A222D934D10054D56C /* Drugs */,
			);
			path = MyDrugs;
			sourceTree = "<group>";
		};
		4FBF21A122D934C50054D56C /* News */ = {
			isa = PBXGroup;
			children = (
				4FBF219922D92A3D0054D56C /* NewsCell.swift */,
				4FBF219A22D92A3D0054D56C /* NewsCell.xib */,
			);
			path = News;
			sourceTree = "<group>";
		};
		4FBF21A222D934D10054D56C /* Drugs */ = {
			isa = PBXGroup;
			children = (
				4FBF219D22D934BD0054D56C /* DrugsCell.swift */,
			);
			path = Drugs;
			sourceTree = "<group>";
		};
		927162BEE426D57D3424876A /* Frameworks */ = {
			isa = PBXGroup;
			children = (
				1A9708486580035DE84B0906 /* Pods_patient_app.framework */,
			);
			name = Frameworks;
			sourceTree = "<group>";
		};
		9D8186DB6EE22C7902BF5671 /* Pods */ = {
			isa = PBXGroup;
			children = (
				BFE31A83DB36C201EA71D2F2 /* Pods-patient-app.debug.xcconfig */,
				861259A24C249191BBFAA096 /* Pods-patient-app.release.xcconfig */,
			);
			path = Pods;
			sourceTree = "<group>";
		};
/* End PBXGroup section */

/* Begin PBXNativeTarget section */
		4F47A1B722D897C100BA3832 /* patient-app */ = {
			isa = PBXNativeTarget;
			buildConfigurationList = 4F47A1CD22D897C200BA3832 /* Build configuration list for PBXNativeTarget "patient-app" */;
			buildPhases = (
				6158A18CAB79EA6C5AEA8D96 /* [CP] Check Pods Manifest.lock */,
				4F47A1B422D897C100BA3832 /* Sources */,
				4F47A1B522D897C100BA3832 /* Frameworks */,
				4F47A1B622D897C100BA3832 /* Resources */,
				5492C766727D7687FCB5E3AF /* [CP] Embed Pods Frameworks */,
			);
			buildRules = (
			);
			dependencies = (
			);
			name = "patient-app";
			productName = "patient-app";
			productReference = 4F47A1B822D897C100BA3832 /* patient-app.app */;
			productType = "com.apple.product-type.application";
		};
/* End PBXNativeTarget section */

/* Begin PBXProject section */
		4F47A1B022D897C100BA3832 /* Project object */ = {
			isa = PBXProject;
			attributes = {
				LastSwiftUpdateCheck = 1020;
				LastUpgradeCheck = 1020;
				ORGANIZATIONNAME = "Elliott Brunet";
				TargetAttributes = {
					4F47A1B722D897C100BA3832 = {
						CreatedOnToolsVersion = 10.2.1;
					};
				};
			};
			buildConfigurationList = 4F47A1B322D897C100BA3832 /* Build configuration list for PBXProject "patient-app" */;
			compatibilityVersion = "Xcode 9.3";
			developmentRegion = en;
			hasScannedForEncodings = 0;
			knownRegions = (
				en,
				Base,
			);
			mainGroup = 4F47A1AF22D897C100BA3832;
			productRefGroup = 4F47A1B922D897C100BA3832 /* Products */;
			projectDirPath = "";
			projectRoot = "";
			targets = (
				4F47A1B722D897C100BA3832 /* patient-app */,
			);
		};
/* End PBXProject section */

/* Begin PBXResourcesBuildPhase section */
		4F47A1B622D897C100BA3832 /* Resources */ = {
			isa = PBXResourcesBuildPhase;
			buildActionMask = 2147483647;
			files = (
				4F47A1C922D897C200BA3832 /* LaunchScreen.storyboard in Resources */,
				4F47A1C622D897C200BA3832 /* Assets.xcassets in Resources */,
				4FBF219C22D92A3D0054D56C /* NewsCell.xib in Resources */,
				4F47A1C122D897C100BA3832 /* Main.storyboard in Resources */,
			);
			runOnlyForDeploymentPostprocessing = 0;
		};
/* End PBXResourcesBuildPhase section */

/* Begin PBXShellScriptBuildPhase section */
		5492C766727D7687FCB5E3AF /* [CP] Embed Pods Frameworks */ = {
			isa = PBXShellScriptBuildPhase;
			buildActionMask = 2147483647;
			files = (
			);
			inputFileListPaths = (
				"${PODS_ROOT}/Target Support Files/Pods-patient-app/Pods-patient-app-frameworks-${CONFIGURATION}-input-files.xcfilelist",
			);
			name = "[CP] Embed Pods Frameworks";
			outputFileListPaths = (
				"${PODS_ROOT}/Target Support Files/Pods-patient-app/Pods-patient-app-frameworks-${CONFIGURATION}-output-files.xcfilelist",
			);
			runOnlyForDeploymentPostprocessing = 0;
			shellPath = /bin/sh;
			shellScript = "\"${PODS_ROOT}/Target Support Files/Pods-patient-app/Pods-patient-app-frameworks.sh\"\n";
			showEnvVarsInLog = 0;
		};
		6158A18CAB79EA6C5AEA8D96 /* [CP] Check Pods Manifest.lock */ = {
			isa = PBXShellScriptBuildPhase;
			buildActionMask = 2147483647;
			files = (
			);
			inputFileListPaths = (
			);
			inputPaths = (
				"${PODS_PODFILE_DIR_PATH}/Podfile.lock",
				"${PODS_ROOT}/Manifest.lock",
			);
			name = "[CP] Check Pods Manifest.lock";
			outputFileListPaths = (
			);
			outputPaths = (
				"$(DERIVED_FILE_DIR)/Pods-patient-app-checkManifestLockResult.txt",
			);
			runOnlyForDeploymentPostprocessing = 0;
			shellPath = /bin/sh;
			shellScript = "diff \"${PODS_PODFILE_DIR_PATH}/Podfile.lock\" \"${PODS_ROOT}/Manifest.lock\" > /dev/null\nif [ $? != 0 ] ; then\n    # print error to STDERR\n    echo \"error: The sandbox is not in sync with the Podfile.lock. Run 'pod install' or update your CocoaPods installation.\" >&2\n    exit 1\nfi\n# This output is used by Xcode 'outputs' to avoid re-running this script phase.\necho \"SUCCESS\" > \"${SCRIPT_OUTPUT_FILE_0}\"\n";
			showEnvVarsInLog = 0;
		};
/* End PBXShellScriptBuildPhase section */

/* Begin PBXSourcesBuildPhase section */
		4F47A1B422D897C100BA3832 /* Sources */ = {
			isa = PBXSourcesBuildPhase;
			buildActionMask = 2147483647;
			files = (
				4FBF219F22D934BD0054D56C /* DrugsCell.swift in Sources */,
				4FBF219522D8BDA50054D56C /* SearchVC.swift in Sources */,
				4FBF219722D9299C0054D56C /* MyDrugsVC.swift in Sources */,
				4F47A1BE22D897C100BA3832 /* ViewController.swift in Sources */,
				4F47A1BC22D897C100BA3832 /* AppDelegate.swift in Sources */,
				4FBF219B22D92A3D0054D56C /* NewsCell.swift in Sources */,
				4FBF219022D8A03C0054D56C /* DBHandler.swift in Sources */,
			);
			runOnlyForDeploymentPostprocessing = 0;
		};
/* End PBXSourcesBuildPhase section */

/* Begin PBXVariantGroup section */
		4F47A1BF22D897C100BA3832 /* Main.storyboard */ = {
			isa = PBXVariantGroup;
			children = (
				4F47A1C022D897C100BA3832 /* Base */,
			);
			name = Main.storyboard;
			sourceTree = "<group>";
		};
		4F47A1C722D897C200BA3832 /* LaunchScreen.storyboard */ = {
			isa = PBXVariantGroup;
			children = (
				4F47A1C822D897C200BA3832 /* Base */,
			);
			name = LaunchScreen.storyboard;
			sourceTree = "<group>";
		};
/* End PBXVariantGroup section */

/* Begin XCBuildConfiguration section */
		4F47A1CB22D897C200BA3832 /* Debug */ = {
			isa = XCBuildConfiguration;
			buildSettings = {
				ALWAYS_SEARCH_USER_PATHS = NO;
				CLANG_ANALYZER_NONNULL = YES;
				CLANG_ANALYZER_NUMBER_OBJECT_CONVERSION = YES_AGGRESSIVE;
				CLANG_CXX_LANGUAGE_STANDARD = "gnu++14";
				CLANG_CXX_LIBRARY = "libc++";
				CLANG_ENABLE_MODULES = YES;
				CLANG_ENABLE_OBJC_ARC = YES;
				CLANG_ENABLE_OBJC_WEAK = YES;
				CLANG_WARN_BLOCK_CAPTURE_AUTORELEASING = YES;
				CLANG_WARN_BOOL_CONVERSION = YES;
				CLANG_WARN_COMMA = YES;
				CLANG_WARN_CONSTANT_CONVERSION = YES;
				CLANG_WARN_DEPRECATED_OBJC_IMPLEMENTATIONS = YES;
				CLANG_WARN_DIRECT_OBJC_ISA_USAGE = YES_ERROR;
				CLANG_WARN_DOCUMENTATION_COMMENTS = YES;
				CLANG_WARN_EMPTY_BODY = YES;
				CLANG_WARN_ENUM_CONVERSION = YES;
				CLANG_WARN_INFINITE_RECURSION = YES;
				CLANG_WARN_INT_CONVERSION = YES;
				CLANG_WARN_NON_LITERAL_NULL_CONVERSION = YES;
				CLANG_WARN_OBJC_IMPLICIT_RETAIN_SELF = YES;
				CLANG_WARN_OBJC_LITERAL_CONVERSION = YES;
				CLANG_WARN_OBJC_ROOT_CLASS = YES_ERROR;
				CLANG_WARN_RANGE_LOOP_ANALYSIS = YES;
				CLANG_WARN_STRICT_PROTOTYPES = YES;
				CLANG_WARN_SUSPICIOUS_MOVE = YES;
				CLANG_WARN_UNGUARDED_AVAILABILITY = YES_AGGRESSIVE;
				CLANG_WARN_UNREACHABLE_CODE = YES;
				CLANG_WARN__DUPLICATE_METHOD_MATCH = YES;
				CODE_SIGN_IDENTITY = "iPhone Developer";
				COPY_PHASE_STRIP = NO;
				DEBUG_INFORMATION_FORMAT = dwarf;
				ENABLE_STRICT_OBJC_MSGSEND = YES;
				ENABLE_TESTABILITY = YES;
				GCC_C_LANGUAGE_STANDARD = gnu11;
				GCC_DYNAMIC_NO_PIC = NO;
				GCC_NO_COMMON_BLOCKS = YES;
				GCC_OPTIMIZATION_LEVEL = 0;
				GCC_PREPROCESSOR_DEFINITIONS = (
					"DEBUG=1",
					"$(inherited)",
				);
				GCC_WARN_64_TO_32_BIT_CONVERSION = YES;
				GCC_WARN_ABOUT_RETURN_TYPE = YES_ERROR;
				GCC_WARN_UNDECLARED_SELECTOR = YES;
				GCC_WARN_UNINITIALIZED_AUTOS = YES_AGGRESSIVE;
				GCC_WARN_UNUSED_FUNCTION = YES;
				GCC_WARN_UNUSED_VARIABLE = YES;
				IPHONEOS_DEPLOYMENT_TARGET = 12.2;
				MTL_ENABLE_DEBUG_INFO = INCLUDE_SOURCE;
				MTL_FAST_MATH = YES;
				ONLY_ACTIVE_ARCH = YES;
				SDKROOT = iphoneos;
				SWIFT_ACTIVE_COMPILATION_CONDITIONS = DEBUG;
				SWIFT_OPTIMIZATION_LEVEL = "-Onone";
			};
			name = Debug;
		};
		4F47A1CC22D897C200BA3832 /* Release */ = {
			isa = XCBuildConfiguration;
			buildSettings = {
				ALWAYS_SEARCH_USER_PATHS = NO;
				CLANG_ANALYZER_NONNULL = YES;
				CLANG_ANALYZER_NUMBER_OBJECT_CONVERSION = YES_AGGRESSIVE;
				CLANG_CXX_LANGUAGE_STANDARD = "gnu++14";
				CLANG_CXX_LIBRARY = "libc++";
				CLANG_ENABLE_MODULES = YES;
				CLANG_ENABLE_OBJC_ARC = YES;
				CLANG_ENABLE_OBJC_WEAK = YES;
				CLANG_WARN_BLOCK_CAPTURE_AUTORELEASING = YES;
				CLANG_WARN_BOOL_CONVERSION = YES;
				CLANG_WARN_COMMA = YES;
				CLANG_WARN_CONSTANT_CONVERSION = YES;
				CLANG_WARN_DEPRECATED_OBJC_IMPLEMENTATIONS = YES;
				CLANG_WARN_DIRECT_OBJC_ISA_USAGE = YES_ERROR;
				CLANG_WARN_DOCUMENTATION_COMMENTS = YES;
				CLANG_WARN_EMPTY_BODY = YES;
				CLANG_WARN_ENUM_CONVERSION = YES;
				CLANG_WARN_INFINITE_RECURSION = YES;
				CLANG_WARN_INT_CONVERSION = YES;
				CLANG_WARN_NON_LITERAL_NULL_CONVERSION = YES;
				CLANG_WARN_OBJC_IMPLICIT_RETAIN_SELF = YES;
				CLANG_WARN_OBJC_LITERAL_CONVERSION = YES;
				CLANG_WARN_OBJC_ROOT_CLASS = YES_ERROR;
				CLANG_WARN_RANGE_LOOP_ANALYSIS = YES;
				CLANG_WARN_STRICT_PROTOTYPES = YES;
				CLANG_WARN_SUSPICIOUS_MOVE = YES;
				CLANG_WARN_UNGUARDED_AVAILABILITY = YES_AGGRESSIVE;
				CLANG_WARN_UNREACHABLE_CODE = YES;
				CLANG_WARN__DUPLICATE_METHOD_MATCH = YES;
				CODE_SIGN_IDENTITY = "iPhone Developer";
				COPY_PHASE_STRIP = NO;
				DEBUG_INFORMATION_FORMAT = "dwarf-with-dsym";
				ENABLE_NS_ASSERTIONS = NO;
				ENABLE_STRICT_OBJC_MSGSEND = YES;
				GCC_C_LANGUAGE_STANDARD = gnu11;
				GCC_NO_COMMON_BLOCKS = YES;
				GCC_WARN_64_TO_32_BIT_CONVERSION = YES;
				GCC_WARN_ABOUT_RETURN_TYPE = YES_ERROR;
				GCC_WARN_UNDECLARED_SELECTOR = YES;
				GCC_WARN_UNINITIALIZED_AUTOS = YES_AGGRESSIVE;
				GCC_WARN_UNUSED_FUNCTION = YES;
				GCC_WARN_UNUSED_VARIABLE = YES;
				IPHONEOS_DEPLOYMENT_TARGET = 12.2;
				MTL_ENABLE_DEBUG_INFO = NO;
				MTL_FAST_MATH = YES;
				SDKROOT = iphoneos;
				SWIFT_COMPILATION_MODE = wholemodule;
				SWIFT_OPTIMIZATION_LEVEL = "-O";
				VALIDATE_PRODUCT = YES;
			};
			name = Release;
		};
		4F47A1CE22D897C200BA3832 /* Debug */ = {
			isa = XCBuildConfiguration;
			baseConfigurationReference = BFE31A83DB36C201EA71D2F2 /* Pods-patient-app.debug.xcconfig */;
			buildSettings = {
				ASSETCATALOG_COMPILER_APPICON_NAME = AppIcon;
				CODE_SIGN_STYLE = Automatic;
				DEVELOPMENT_TEAM = AY9GY8556J;
				INFOPLIST_FILE = "patient-app/Info.plist";
				LD_RUNPATH_SEARCH_PATHS = (
					"$(inherited)",
					"@executable_path/Frameworks",
				);
				PRODUCT_BUNDLE_IDENTIFIER = "com.elliottbrunet.patient-app";
				PRODUCT_NAME = "$(TARGET_NAME)";
				SWIFT_VERSION = 5.0;
				TARGETED_DEVICE_FAMILY = "1,2";
			};
			name = Debug;
		};
		4F47A1CF22D897C200BA3832 /* Release */ = {
			isa = XCBuildConfiguration;
			baseConfigurationReference = 861259A24C249191BBFAA096 /* Pods-patient-app.release.xcconfig */;
			buildSettings = {
				ASSETCATALOG_COMPILER_APPICON_NAME = AppIcon;
				CODE_SIGN_STYLE = Automatic;
				DEVELOPMENT_TEAM = AY9GY8556J;
				INFOPLIST_FILE = "patient-app/Info.plist";
				LD_RUNPATH_SEARCH_PATHS = (
					"$(inherited)",
					"@executable_path/Frameworks",
				);
				PRODUCT_BUNDLE_IDENTIFIER = "com.elliottbrunet.patient-app";
				PRODUCT_NAME = "$(TARGET_NAME)";
				SWIFT_VERSION = 5.0;
				TARGETED_DEVICE_FAMILY = "1,2";
			};
			name = Release;
		};
/* End XCBuildConfiguration section */

/* Begin XCConfigurationList section */
		4F47A1B322D897C100BA3832 /* Build configuration list for PBXProject "patient-app" */ = {
			isa = XCConfigurationList;
			buildConfigurations = (
				4F47A1CB22D897C200BA3832 /* Debug */,
				4F47A1CC22D897C200BA3832 /* Release */,
			);
			defaultConfigurationIsVisible = 0;
			defaultConfigurationName = Release;
		};
		4F47A1CD22D897C200BA3832 /* Build configuration list for PBXNativeTarget "patient-app" */ = {
			isa = XCConfigurationList;
			buildConfigurations = (
				4F47A1CE22D897C200BA3832 /* Debug */,
				4F47A1CF22D897C200BA3832 /* Release */,
			);
			defaultConfigurationIsVisible = 0;
			defaultConfigurationName = Release;
		};
/* End XCConfigurationList section */
	};
	rootObject = 4F47A1B022D897C100BA3832 /* Project object */;
}
